
Microsoft Visual Studio Solution File, Format Version 12.00
Project("{FAE04EC0-301F-11D3-BF4B-00C04F79EFBC}") = "ExMembroEstatico-02", "ExMembroEstatico-02.csproj", "{4CD39180-382B-4CBF-9884-C82B312D3692}"
EndProject
Global
	GlobalSection(SolutionConfigurationPlatforms) = preSolution
		Debug|Any CPU = Debug|Any CPU
		Release|Any CPU = Release|Any CPU
	EndGlobalSection
	GlobalSection(ProjectConfigurationPlatforms) = postSolution
		{4CD39180-382B-4CBF-9884-C82B312D3692}.Debug|Any CPU.ActiveCfg = Debug|Any CPU
		{4CD39180-382B-4CBF-9884-C82B312D3692}.Debug|Any CPU.Build.0 = Debug|Any CPU
		{4CD39180-382B-4CBF-9884-C82B312D3692}.Release|Any CPU.ActiveCfg = Release|Any CPU
		{4CD39180-382B-4CBF-9884-C82B312D3692}.Release|Any CPU.Build.0 = Release|Any CPU
	EndGlobalSection
EndGlobal
