
Microsoft Visual Studio Solution File, Format Version 12.00
Project("{FAE04EC0-301F-11D3-BF4B-00C04F79EFBC}") = "exercicio-5-60", "exercicio-5-60.csproj", "{ED70ACF9-56B7-4B70-B527-FE8A372BDC98}"
EndProject
Global
	GlobalSection(SolutionConfigurationPlatforms) = preSolution
		Debug|Any CPU = Debug|Any CPU
		Release|Any CPU = Release|Any CPU
	EndGlobalSection
	GlobalSection(ProjectConfigurationPlatforms) = postSolution
		{ED70ACF9-56B7-4B70-B527-FE8A372BDC98}.Debug|Any CPU.ActiveCfg = Debug|Any CPU
		{ED70ACF9-56B7-4B70-B527-FE8A372BDC98}.Debug|Any CPU.Build.0 = Debug|Any CPU
		{ED70ACF9-56B7-4B70-B527-FE8A372BDC98}.Release|Any CPU.ActiveCfg = Release|Any CPU
		{ED70ACF9-56B7-4B70-B527-FE8A372BDC98}.Release|Any CPU.Build.0 = Release|Any CPU
	EndGlobalSection
EndGlobal
