
Microsoft Visual Studio Solution File, Format Version 12.00
Project("{FAE04EC0-301F-11D3-BF4B-00C04F79EFBC}") = "exercicio-4-48-01", "exercicio-4-48-01.csproj", "{DC539931-9D27-4690-A485-D49F6C787441}"
EndProject
Global
	GlobalSection(SolutionConfigurationPlatforms) = preSolution
		Debug|Any CPU = Debug|Any CPU
		Release|Any CPU = Release|Any CPU
	EndGlobalSection
	GlobalSection(ProjectConfigurationPlatforms) = postSolution
		{DC539931-9D27-4690-A485-D49F6C787441}.Debug|Any CPU.ActiveCfg = Debug|Any CPU
		{DC539931-9D27-4690-A485-D49F6C787441}.Debug|Any CPU.Build.0 = Debug|Any CPU
		{DC539931-9D27-4690-A485-D49F6C787441}.Release|Any CPU.ActiveCfg = Release|Any CPU
		{DC539931-9D27-4690-A485-D49F6C787441}.Release|Any CPU.Build.0 = Release|Any CPU
	EndGlobalSection
EndGlobal
