
Microsoft Visual Studio Solution File, Format Version 12.00
Project("{FAE04EC0-301F-11D3-BF4B-00C04F79EFBC}") = "Introducao", "Introducao\Introducao.csproj", "{13B8AFA6-DA0A-46EB-87D3-71802B82CEE8}"
EndProject
Global
	GlobalSection(SolutionConfigurationPlatforms) = preSolution
		Debug|Any CPU = Debug|Any CPU
		Release|Any CPU = Release|Any CPU
	EndGlobalSection
	GlobalSection(ProjectConfigurationPlatforms) = postSolution
		{13B8AFA6-DA0A-46EB-87D3-71802B82CEE8}.Debug|Any CPU.ActiveCfg = Debug|Any CPU
		{13B8AFA6-DA0A-46EB-87D3-71802B82CEE8}.Debug|Any CPU.Build.0 = Debug|Any CPU
		{13B8AFA6-DA0A-46EB-87D3-71802B82CEE8}.Release|Any CPU.ActiveCfg = Release|Any CPU
		{13B8AFA6-DA0A-46EB-87D3-71802B82CEE8}.Release|Any CPU.Build.0 = Release|Any CPU
	EndGlobalSection
EndGlobal
