
Microsoft Visual Studio Solution File, Format Version 12.00
Project("{FAE04EC0-301F-11D3-BF4B-00C04F79EFBC}") = "Properties", "Properties.csproj", "{75E035EB-01A0-4686-B727-4A16D3BBF160}"
EndProject
Global
	GlobalSection(SolutionConfigurationPlatforms) = preSolution
		Debug|Any CPU = Debug|Any CPU
		Release|Any CPU = Release|Any CPU
	EndGlobalSection
	GlobalSection(ProjectConfigurationPlatforms) = postSolution
		{75E035EB-01A0-4686-B727-4A16D3BBF160}.Debug|Any CPU.ActiveCfg = Debug|Any CPU
		{75E035EB-01A0-4686-B727-4A16D3BBF160}.Debug|Any CPU.Build.0 = Debug|Any CPU
		{75E035EB-01A0-4686-B727-4A16D3BBF160}.Release|Any CPU.ActiveCfg = Release|Any CPU
		{75E035EB-01A0-4686-B727-4A16D3BBF160}.Release|Any CPU.Build.0 = Release|Any CPU
	EndGlobalSection
EndGlobal
