
Microsoft Visual Studio Solution File, Format Version 12.00
Project("{FAE04EC0-301F-11D3-BF4B-00C04F79EFBC}") = "exercicio-4-45-01", "exercicio-4-45-01.csproj", "{02476272-6CED-42A7-8348-1D73E64A8544}"
EndProject
Global
	GlobalSection(SolutionConfigurationPlatforms) = preSolution
		Debug|Any CPU = Debug|Any CPU
		Release|Any CPU = Release|Any CPU
	EndGlobalSection
	GlobalSection(ProjectConfigurationPlatforms) = postSolution
		{02476272-6CED-42A7-8348-1D73E64A8544}.Debug|Any CPU.ActiveCfg = Debug|Any CPU
		{02476272-6CED-42A7-8348-1D73E64A8544}.Debug|Any CPU.Build.0 = Debug|Any CPU
		{02476272-6CED-42A7-8348-1D73E64A8544}.Release|Any CPU.ActiveCfg = Release|Any CPU
		{02476272-6CED-42A7-8348-1D73E64A8544}.Release|Any CPU.Build.0 = Release|Any CPU
	EndGlobalSection
EndGlobal
