
Microsoft Visual Studio Solution File, Format Version 12.00
Project("{FAE04EC0-301F-11D3-BF4B-00C04F79EFBC}") = "FuncaoBasica", "FuncaoBasica\FuncaoBasica.csproj", "{0AAB085A-1493-4D92-9936-1B8B6EC8183A}"
EndProject
Global
	GlobalSection(SolutionConfigurationPlatforms) = preSolution
		Debug|Any CPU = Debug|Any CPU
		Release|Any CPU = Release|Any CPU
	EndGlobalSection
	GlobalSection(ProjectConfigurationPlatforms) = postSolution
		{0AAB085A-1493-4D92-9936-1B8B6EC8183A}.Debug|Any CPU.ActiveCfg = Debug|Any CPU
		{0AAB085A-1493-4D92-9936-1B8B6EC8183A}.Debug|Any CPU.Build.0 = Debug|Any CPU
		{0AAB085A-1493-4D92-9936-1B8B6EC8183A}.Release|Any CPU.ActiveCfg = Release|Any CPU
		{0AAB085A-1493-4D92-9936-1B8B6EC8183A}.Release|Any CPU.Build.0 = Release|Any CPU
	EndGlobalSection
EndGlobal
