
Microsoft Visual Studio Solution File, Format Version 12.00
Project("{FAE04EC0-301F-11D3-BF4B-00C04F79EFBC}") = "exercicio-4-45-03", "exercicio-4-45-03.csproj", "{1E96FF40-83DD-4297-8F25-52181154D997}"
EndProject
Global
	GlobalSection(SolutionConfigurationPlatforms) = preSolution
		Debug|Any CPU = Debug|Any CPU
		Release|Any CPU = Release|Any CPU
	EndGlobalSection
	GlobalSection(ProjectConfigurationPlatforms) = postSolution
		{1E96FF40-83DD-4297-8F25-52181154D997}.Debug|Any CPU.ActiveCfg = Debug|Any CPU
		{1E96FF40-83DD-4297-8F25-52181154D997}.Debug|Any CPU.Build.0 = Debug|Any CPU
		{1E96FF40-83DD-4297-8F25-52181154D997}.Release|Any CPU.ActiveCfg = Release|Any CPU
		{1E96FF40-83DD-4297-8F25-52181154D997}.Release|Any CPU.Build.0 = Release|Any CPU
	EndGlobalSection
EndGlobal
