
Microsoft Visual Studio Solution File, Format Version 12.00
Project("{FAE04EC0-301F-11D3-BF4B-00C04F79EFBC}") = "ExMembroEstatico-01", "ExMembroEstatico-01.csproj", "{7B678776-C5CA-4780-A37E-373E033CAC8D}"
EndProject
Global
	GlobalSection(SolutionConfigurationPlatforms) = preSolution
		Debug|Any CPU = Debug|Any CPU
		Release|Any CPU = Release|Any CPU
	EndGlobalSection
	GlobalSection(ProjectConfigurationPlatforms) = postSolution
		{7B678776-C5CA-4780-A37E-373E033CAC8D}.Debug|Any CPU.ActiveCfg = Debug|Any CPU
		{7B678776-C5CA-4780-A37E-373E033CAC8D}.Debug|Any CPU.Build.0 = Debug|Any CPU
		{7B678776-C5CA-4780-A37E-373E033CAC8D}.Release|Any CPU.ActiveCfg = Release|Any CPU
		{7B678776-C5CA-4780-A37E-373E033CAC8D}.Release|Any CPU.Build.0 = Release|Any CPU
	EndGlobalSection
EndGlobal
