
Microsoft Visual Studio Solution File, Format Version 12.00
Project("{FAE04EC0-301F-11D3-BF4B-00C04F79EFBC}") = "ExArray-01", "ExArray-01.csproj", "{AB2FD1A2-2FAC-45E0-BFCB-979E33F2DCC9}"
EndProject
Global
	GlobalSection(SolutionConfigurationPlatforms) = preSolution
		Debug|Any CPU = Debug|Any CPU
		Release|Any CPU = Release|Any CPU
	EndGlobalSection
	GlobalSection(ProjectConfigurationPlatforms) = postSolution
		{AB2FD1A2-2FAC-45E0-BFCB-979E33F2DCC9}.Debug|Any CPU.ActiveCfg = Debug|Any CPU
		{AB2FD1A2-2FAC-45E0-BFCB-979E33F2DCC9}.Debug|Any CPU.Build.0 = Debug|Any CPU
		{AB2FD1A2-2FAC-45E0-BFCB-979E33F2DCC9}.Release|Any CPU.ActiveCfg = Release|Any CPU
		{AB2FD1A2-2FAC-45E0-BFCB-979E33F2DCC9}.Release|Any CPU.Build.0 = Release|Any CPU
	EndGlobalSection
EndGlobal
